
Microsoft Visual Studio Solution File, Format Version 12.00
# Visual Studio 15
Project("{FAE04EC0-301F-11D3-BF4B-00C04F79EFBC}") = "Assembly-CSharp", "Assembly-CSharp.csproj", "{23AB23FE-4724-B78C-1919-8D7D183E51B8}"
EndProject
Global
	GlobalSection(SolutionConfigurationPlatforms) = preSolution
		Debug|Any CPU = Debug|Any CPU
		Release|Any CPU = Release|Any CPU
	EndGlobalSection
	GlobalSection(ProjectConfigurationPlatforms) = postSolution
		{23AB23FE-4724-B78C-1919-8D7D183E51B8}.Debug|Any CPU.ActiveCfg = Debug|Any CPU
		{23AB23FE-4724-B78C-1919-8D7D183E51B8}.Debug|Any CPU.Build.0 = Debug|Any CPU
		{23AB23FE-4724-B78C-1919-8D7D183E51B8}.Release|Any CPU.ActiveCfg = Release|Any CPU
		{23AB23FE-4724-B78C-1919-8D7D183E51B8}.Release|Any CPU.Build.0 = Release|Any CPU
	EndGlobalSection
	GlobalSection(SolutionProperties) = preSolution
		HideSolutionNode = FALSE
	EndGlobalSection
EndGlobal
